
Microsoft Visual Studio Solution File, Format Version 12.00
# Visual Studio Version 16
VisualStudioVersion = 16.0.30503.244
MinimumVisualStudioVersion = 10.0.40219.1
Project("{8BC9CEB8-8B4A-11D0-8D11-00A0C91BC942}") = "GraphicsCaptureBridge", "GraphicsCaptureBridge\GraphicsCaptureBridge.vcxproj", "{7232F582-DC73-4063-85CC-DBBB5E50714E}"
EndProject
Project("{FAE04EC0-301F-11D3-BF4B-00C04F79EFBC}") = "CapturePreviewCSharp", "CapturePreviewCSharp\CapturePreviewCSharp.csproj", "{743A47B2-2624-4427-B7B0-F9A5207049BD}"
EndProject
Global
	GlobalSection(SolutionConfigurationPlatforms) = preSolution
		Debug|x64 = Debug|x64
		Debug|x86 = Debug|x86
		Release|x64 = Release|x64
		Release|x86 = Release|x86
	EndGlobalSection
	GlobalSection(ProjectConfigurationPlatforms) = postSolution
		{7232F582-DC73-4063-85CC-DBBB5E50714E}.Debug|x64.ActiveCfg = Debug|x64
		{7232F582-DC73-4063-85CC-DBBB5E50714E}.Debug|x64.Build.0 = Debug|x64
		{7232F582-DC73-4063-85CC-DBBB5E50714E}.Debug|x86.ActiveCfg = Debug|Win32
		{7232F582-DC73-4063-85CC-DBBB5E50714E}.Debug|x86.Build.0 = Debug|Win32
		{7232F582-DC73-4063-85CC-DBBB5E50714E}.Release|x64.ActiveCfg = Release|x64
		{7232F582-DC73-4063-85CC-DBBB5E50714E}.Release|x64.Build.0 = Release|x64
		{7232F582-DC73-4063-85CC-DBBB5E50714E}.Release|x86.ActiveCfg = Release|Win32
		{7232F582-DC73-4063-85CC-DBBB5E50714E}.Release|x86.Build.0 = Release|Win32
		{743A47B2-2624-4427-B7B0-F9A5207049BD}.Debug|x64.ActiveCfg = Debug|x64
		{743A47B2-2624-4427-B7B0-F9A5207049BD}.Debug|x64.Build.0 = Debug|x64
		{743A47B2-2624-4427-B7B0-F9A5207049BD}.Debug|x86.ActiveCfg = Debug|x86
		{743A47B2-2624-4427-B7B0-F9A5207049BD}.Debug|x86.Build.0 = Debug|x86
		{743A47B2-2624-4427-B7B0-F9A5207049BD}.Release|x64.ActiveCfg = Release|Any CPU
		{743A47B2-2624-4427-B7B0-F9A5207049BD}.Release|x64.Build.0 = Release|Any CPU
		{743A47B2-2624-4427-B7B0-F9A5207049BD}.Release|x86.ActiveCfg = Release|Any CPU
		{743A47B2-2624-4427-B7B0-F9A5207049BD}.Release|x86.Build.0 = Release|Any CPU
	EndGlobalSection
	GlobalSection(SolutionProperties) = preSolution
		HideSolutionNode = FALSE
	EndGlobalSection
	GlobalSection(ExtensibilityGlobals) = postSolution
		SolutionGuid = {EF66A64C-3561-488B-BDB5-130BEA49BF71}
	EndGlobalSection
EndGlobal
